{
  "name": "node-mndp",
  "version": "0.0.3",
  "lockfileVersion": 2,
  "requires": true,
  "packages": {
    "": {
      "name": "node-mndp",
      "version": "0.0.3",
      "license": "MIT",
      "devDependencies": {
        "@types/node": "^10.0.6",
        "typescript": "^2.9.2"
      }
    },
    "node_modules/@types/node": {
      "version": "10.0.6",
      "resolved": "https://registry.npmjs.org/@types/node/-/node-10.0.6.tgz",
      "integrity": "sha512-2whhQUfDHRBiZ3L54Ulyl1X+fZWbWabxPYRDAsibgOAtE6adwusD15Xv0Bw/D7cPah35Z/wKTdW3iAKsevw1uw==",
      "dev": true
    },
    "node_modules/typescript": {
      "version": "2.9.2",
      "resolved": "https://registry.npmjs.org/typescript/-/typescript-2.9.2.tgz",
      "integrity": "sha512-Gr4p6nFNaoufRIY4NMdpQRNmgxVIGMs4Fcu/ujdYk3nAZqk7supzBE9idmvfZIlH/Cuj//dvi+019qEue9lV0w==",
      "dev": true,
      "bin": {
        "tsc": "bin/tsc",
        "tsserver": "bin/tsserver"
      },
      "engines": {
        "node": ">=4.2.0"
      }
    }
  },
  "dependencies": {
    "@types/node": {
      "version": "10.0.6",
      "resolved": "https://registry.npmjs.org/@types/node/-/node-10.0.6.tgz",
      "integrity": "sha512-2whhQUfDHRBiZ3L54Ulyl1X+fZWbWabxPYRDAsibgOAtE6adwusD15Xv0Bw/D7cPah35Z/wKTdW3iAKsevw1uw==",
      "dev": true
    },
    "typescript": {
      "version": "2.9.2",
      "resolved": "https://registry.npmjs.org/typescript/-/typescript-2.9.2.tgz",
      "integrity": "sha512-Gr4p6nFNaoufRIY4NMdpQRNmgxVIGMs4Fcu/ujdYk3nAZqk7supzBE9idmvfZIlH/Cuj//dvi+019qEue9lV0w==",
      "dev": true
    }
  }
}
